{
  "name": "imbrexer",
  "version": "0.0.0",
  "lockfileVersion": 1,
  "requires": true,
  "dependencies": {
    "@types/estree": {
      "version": "0.0.39",
      "resolved": "https://registry.npmjs.org/@types/estree/-/estree-0.0.39.tgz",
      "integrity": "sha512-EYNwp3bU+98cpU4lAWYYL7Zz+2gryWH1qbdDTidVd6hkiR6weksdbMadyXKXNPEkQFhXM+hVO9ZygomHXp+AIw==",
      "dev": true
    },
    "@types/node": {
      "version": "10.11.6",
      "resolved": "https://registry.npmjs.org/@types/node/-/node-10.11.6.tgz",
      "integrity": "sha512-fnA7yvqg3oKQDb3skBif9w5RRKVKAaeKeNuLzZL37XcSiWL4IoSXQnnbchR3UnBu2EMLHBip7ZVEkqoIVBP8QQ==",
      "dev": true
    },
    "rollup": {
      "version": "0.66.5",
      "resolved": "https://registry.npmjs.org/rollup/-/rollup-0.66.5.tgz",
      "integrity": "sha512-tFdxC5zOynOS3fUHkJmKk9QjRWVLXxDCUVDmpoZazubxgXZmS/XzrlzhwuOKPelJm92Hd4hmXIqkzVN22Isf+w==",
      "dev": true,
      "requires": {
        "@types/estree": "0.0.39",
        "@types/node": "*"
      }
    }
  }
}
